
Microsoft Visual Studio Solution File, Format Version 12.00
# Visual Studio Version 17
VisualStudioVersion = 17.5.002.0
MinimumVisualStudioVersion = 10.0.40219.1
Project("{9A19103F-16F7-4668-BE54-9A1E7A4F7556}") = "FuncProcs", "FuncProcs.csproj", "{5129AA1E-0E6E-4FC2-817C-C82DB9818F08}"
EndProject
Global
	GlobalSection(SolutionConfigurationPlatforms) = preSolution
		Debug|Any CPU = Debug|Any CPU
		Release|Any CPU = Release|Any CPU
	EndGlobalSection
	GlobalSection(ProjectConfigurationPlatforms) = postSolution
		{5129AA1E-0E6E-4FC2-817C-C82DB9818F08}.Debug|Any CPU.ActiveCfg = Debug|Any CPU
		{5129AA1E-0E6E-4FC2-817C-C82DB9818F08}.Debug|Any CPU.Build.0 = Debug|Any CPU
		{5129AA1E-0E6E-4FC2-817C-C82DB9818F08}.Release|Any CPU.ActiveCfg = Release|Any CPU
		{5129AA1E-0E6E-4FC2-817C-C82DB9818F08}.Release|Any CPU.Build.0 = Release|Any CPU
	EndGlobalSection
	GlobalSection(SolutionProperties) = preSolution
		HideSolutionNode = FALSE
	EndGlobalSection
	GlobalSection(ExtensibilityGlobals) = postSolution
		SolutionGuid = {CD64E43E-B338-49A4-A67B-ABD901581AE6}
	EndGlobalSection
EndGlobal
