
Microsoft Visual Studio Solution File, Format Version 12.00
# Visual Studio Version 17
VisualStudioVersion = 17.5.002.0
MinimumVisualStudioVersion = 10.0.40219.1
Project("{9A19103F-16F7-4668-BE54-9A1E7A4F7556}") = "Conditions", "Conditions.csproj", "{D94DA0D3-28C2-48B6-9119-1F54BFD4ACCA}"
EndProject
Global
	GlobalSection(SolutionConfigurationPlatforms) = preSolution
		Debug|Any CPU = Debug|Any CPU
		Release|Any CPU = Release|Any CPU
	EndGlobalSection
	GlobalSection(ProjectConfigurationPlatforms) = postSolution
		{D94DA0D3-28C2-48B6-9119-1F54BFD4ACCA}.Debug|Any CPU.ActiveCfg = Debug|Any CPU
		{D94DA0D3-28C2-48B6-9119-1F54BFD4ACCA}.Debug|Any CPU.Build.0 = Debug|Any CPU
		{D94DA0D3-28C2-48B6-9119-1F54BFD4ACCA}.Release|Any CPU.ActiveCfg = Release|Any CPU
		{D94DA0D3-28C2-48B6-9119-1F54BFD4ACCA}.Release|Any CPU.Build.0 = Release|Any CPU
	EndGlobalSection
	GlobalSection(SolutionProperties) = preSolution
		HideSolutionNode = FALSE
	EndGlobalSection
	GlobalSection(ExtensibilityGlobals) = postSolution
		SolutionGuid = {B734AE55-E804-48F6-A45F-B12C539CF65A}
	EndGlobalSection
EndGlobal
