
Microsoft Visual Studio Solution File, Format Version 12.00
# Visual Studio Version 17
VisualStudioVersion = 17.5.002.0
MinimumVisualStudioVersion = 10.0.40219.1
Project("{9A19103F-16F7-4668-BE54-9A1E7A4F7556}") = "TafelOef2", "TafelOef2.csproj", "{844E8D2B-A197-43BF-B7ED-A3681E3094F4}"
EndProject
Global
	GlobalSection(SolutionConfigurationPlatforms) = preSolution
		Debug|Any CPU = Debug|Any CPU
		Release|Any CPU = Release|Any CPU
	EndGlobalSection
	GlobalSection(ProjectConfigurationPlatforms) = postSolution
		{844E8D2B-A197-43BF-B7ED-A3681E3094F4}.Debug|Any CPU.ActiveCfg = Debug|Any CPU
		{844E8D2B-A197-43BF-B7ED-A3681E3094F4}.Debug|Any CPU.Build.0 = Debug|Any CPU
		{844E8D2B-A197-43BF-B7ED-A3681E3094F4}.Release|Any CPU.ActiveCfg = Release|Any CPU
		{844E8D2B-A197-43BF-B7ED-A3681E3094F4}.Release|Any CPU.Build.0 = Release|Any CPU
	EndGlobalSection
	GlobalSection(SolutionProperties) = preSolution
		HideSolutionNode = FALSE
	EndGlobalSection
	GlobalSection(ExtensibilityGlobals) = postSolution
		SolutionGuid = {1E463CC7-A9C7-432A-9707-13E7ED12ED4E}
	EndGlobalSection
EndGlobal
