
Microsoft Visual Studio Solution File, Format Version 12.00
# Visual Studio Version 17
VisualStudioVersion = 17.5.002.0
MinimumVisualStudioVersion = 10.0.40219.1
Project("{9A19103F-16F7-4668-BE54-9A1E7A4F7556}") = "TafelOef", "TafelOef.csproj", "{7C291AF4-9C87-4ABF-B632-71AB63950B99}"
EndProject
Global
	GlobalSection(SolutionConfigurationPlatforms) = preSolution
		Debug|Any CPU = Debug|Any CPU
		Release|Any CPU = Release|Any CPU
	EndGlobalSection
	GlobalSection(ProjectConfigurationPlatforms) = postSolution
		{7C291AF4-9C87-4ABF-B632-71AB63950B99}.Debug|Any CPU.ActiveCfg = Debug|Any CPU
		{7C291AF4-9C87-4ABF-B632-71AB63950B99}.Debug|Any CPU.Build.0 = Debug|Any CPU
		{7C291AF4-9C87-4ABF-B632-71AB63950B99}.Release|Any CPU.ActiveCfg = Release|Any CPU
		{7C291AF4-9C87-4ABF-B632-71AB63950B99}.Release|Any CPU.Build.0 = Release|Any CPU
	EndGlobalSection
	GlobalSection(SolutionProperties) = preSolution
		HideSolutionNode = FALSE
	EndGlobalSection
	GlobalSection(ExtensibilityGlobals) = postSolution
		SolutionGuid = {69BB1F6F-9270-46A3-B59B-E7A9A7204ED2}
	EndGlobalSection
EndGlobal
